
Microsoft Visual Studio Solution File, Format Version 12.00
Project("{9A19103F-16F7-4668-BE54-9A1E7A4F7556}") = "cs2-store-fishing", "cs2-store-fishing\cs2-store-fishing.csproj", "{6E4C86F8-8E8E-4E22-9815-339EED9BCC7E}"
EndProject
Global
	GlobalSection(SolutionConfigurationPlatforms) = preSolution
		Debug|Any CPU = Debug|Any CPU
		Release|Any CPU = Release|Any CPU
	EndGlobalSection
	GlobalSection(ProjectConfigurationPlatforms) = postSolution
		{6E4C86F8-8E8E-4E22-9815-339EED9BCC7E}.Debug|Any CPU.ActiveCfg = Debug|Any CPU
		{6E4C86F8-8E8E-4E22-9815-339EED9BCC7E}.Debug|Any CPU.Build.0 = Debug|Any CPU
	EndGlobalSection
EndGlobal
